
Microsoft Visual Studio Solution File, Format Version 12.00
# Visual Studio Version 17
VisualStudioVersion = 17.4.33110.190
MinimumVisualStudioVersion = 10.0.40219.1
Project("{FAE04EC0-301F-11D3-BF4B-00C04F79EFBC}") = "Turbe", "Turbe\Turbe.csproj", "{2CB45ECE-E24A-476D-8004-F1DE789AE53F}"
EndProject
Global
	GlobalSection(SolutionConfigurationPlatforms) = preSolution
		Debug|Any CPU = Debug|Any CPU
		Release|Any CPU = Release|Any CPU
	EndGlobalSection
	GlobalSection(ProjectConfigurationPlatforms) = postSolution
		{2CB45ECE-E24A-476D-8004-F1DE789AE53F}.Debug|Any CPU.ActiveCfg = Debug|Any CPU
		{2CB45ECE-E24A-476D-8004-F1DE789AE53F}.Debug|Any CPU.Build.0 = Debug|Any CPU
		{2CB45ECE-E24A-476D-8004-F1DE789AE53F}.Release|Any CPU.ActiveCfg = Release|Any CPU
		{2CB45ECE-E24A-476D-8004-F1DE789AE53F}.Release|Any CPU.Build.0 = Release|Any CPU
	EndGlobalSection
	GlobalSection(SolutionProperties) = preSolution
		HideSolutionNode = FALSE
	EndGlobalSection
	GlobalSection(ExtensibilityGlobals) = postSolution
		SolutionGuid = {996D1DC7-6E17-4CDF-AE19-D6EF3DFAD3E5}
	EndGlobalSection
EndGlobal
